{
  "name": "authenticate-me",
  "version": "1.0.0",
  "lockfileVersion": 1,
  "requires": true,
  "dependencies": {
    "react-infinite-scroll-hook": {
      "version": "4.0.1",
      "resolved": "https://registry.npmjs.org/react-infinite-scroll-hook/-/react-infinite-scroll-hook-4.0.1.tgz",
      "integrity": "sha512-UzRt1TPLnWV8TZ6Yw2k5vuVZX/d/gOm2NB1hrp48iTcVwV/4dSsUFDsnwrdTqioSl2n6wz2kfo8BowOczsaJRw==",
      "requires": {
        "react-intersection-observer-hook": "^2.0.3"
      }
    },
    "react-intersection-observer-hook": {
      "version": "2.0.3",
      "resolved": "https://registry.npmjs.org/react-intersection-observer-hook/-/react-intersection-observer-hook-2.0.3.tgz",
      "integrity": "sha512-6LcrY/oUtZqn7HbwLTgSk43/KdZD5LZJsWUOwQB11aMPi3OkjyDcm2dwAQ1ydlbrSDlL4fHUNXisNt4B470UJg=="
    }
  }
}
